<?xml version="1.0" encoding="utf-8"?>
<Project ToolsVersion="4.0" xmlns="http://schemas.microsoft.com/developer/msbuild/2003">
  <ItemGroup>
    <Filter Include="Source Files">
      <UniqueIdentifier>{4FC737F1-C7A5-4376-A066-2A32D752A2FF}</UniqueIdentifier>
      <Extensions>cpp;c;cc;cxx;c++;cppm;ixx;def;odl;idl;hpj;bat;asm;asmx</Extensions>
    </Filter>
    <Filter Include="Header Files">
      <UniqueIdentifier>{93995380-89BD-4b04-88EB-625FBE52EBFB}</UniqueIdentifier>
      <Extensions>h;hh;hpp;hxx;h++;hm;inl;inc;ipp;xsd</Extensions>
    </Filter>
    <Filter Include="Resource Files">
      <UniqueIdentifier>{67DA6AB6-F800-4c08-8B7A-83BB121AAD01}</UniqueIdentifier>
      <Extensions>rc;ico;cur;bmp;dlg;rc2;rct;bin;rgs;gif;jpg;jpeg;jpe;resx;tiff;tif;png;wav;mfcribbon-ms</Extensions>
    </Filter>
    <Filter Include="Header Files\Ennemies">
      <UniqueIdentifier>{3ef655b5-b477-44f0-8c21-3b81260b049d}</UniqueIdentifier>
    </Filter>
    <Filter Include="Resource Files\Ennemies">
      <UniqueIdentifier>{e4b73132-40ff-4a7b-8e82-beecde66d515}</UniqueIdentifier>
    </Filter>
    <Filter Include="Header Files\Non class">
      <UniqueIdentifier>{0d75ab9a-e4e4-496d-9ba4-71eb240b0da8}</UniqueIdentifier>
    </Filter>
    <Filter Include="Header Files\Load all">
      <UniqueIdentifier>{c82bacb5-626b-4085-9fe2-188cf76895e4}</UniqueIdentifier>
    </Filter>
    <Filter Include="Resource Files\Load all">
      <UniqueIdentifier>{66f110bd-7bd1-4ad2-9f95-89c016c606e4}</UniqueIdentifier>
    </Filter>
    <Filter Include="Resource Files\Other class">
      <UniqueIdentifier>{fa0febf1-1623-4901-b726-17e9d5c55213}</UniqueIdentifier>
    </Filter>
    <Filter Include="Header Files\Other class">
      <UniqueIdentifier>{a36b9045-794b-4714-8e99-4385306a4f19}</UniqueIdentifier>
    </Filter>
    <Filter Include="Resource Files\Non class">
      <UniqueIdentifier>{81456d73-779a-4b8c-ad58-bf6fb7e532f9}</UniqueIdentifier>
    </Filter>
  </ItemGroup>
  <ItemGroup>
    <ClCompile Include="Main.cpp">
      <Filter>Source Files</Filter>
    </ClCompile>
    <ClCompile Include="Ennemies.cpp">
      <Filter>Resource Files\Ennemies</Filter>
    </ClCompile>
    <ClCompile Include="Ennemies_typeA.cpp">
      <Filter>Resource Files\Ennemies</Filter>
    </ClCompile>
    <ClCompile Include="Ennemies_typeB.cpp">
      <Filter>Resource Files\Ennemies</Filter>
    </ClCompile>
    <ClCompile Include="Ennemies_typeC.cpp">
      <Filter>Resource Files\Ennemies</Filter>
    </ClCompile>
    <ClCompile Include="Event.cpp">
      <Filter>Resource Files\Load all</Filter>
    </ClCompile>
    <ClCompile Include="Wave.cpp">
      <Filter>Resource Files\Load all</Filter>
    </ClCompile>
    <ClCompile Include="Bullet_Straight.cpp">
      <Filter>Resource Files\Other class</Filter>
    </ClCompile>
    <ClCompile Include="Object.cpp">
      <Filter>Resource Files\Other class</Filter>
    </ClCompile>
    <ClCompile Include="Player.cpp">
      <Filter>Resource Files\Other class</Filter>
    </ClCompile>
    <ClCompile Include="Ennemies_typeD.cpp">
      <Filter>Resource Files\Ennemies</Filter>
    </ClCompile>
    <ClCompile Include="FindAngle.cpp">
      <Filter>Resource Files\Non class</Filter>
    </ClCompile>
    <ClCompile Include="Ennemies_typeE.cpp">
      <Filter>Resource Files\Ennemies</Filter>
    </ClCompile>
    <ClCompile Include="Item.cpp">
      <Filter>Resource Files\Other class</Filter>
    </ClCompile>
    <ClCompile Include="Declaration.cpp">
      <Filter>Resource Files\Non class</Filter>
    </ClCompile>
    <ClCompile Include="Boss.cpp">
      <Filter>Resource Files\Ennemies</Filter>
    </ClCompile>
    <ClCompile Include="Bullet_Round.cpp">
      <Filter>Resource Files\Other class</Filter>
    </ClCompile>
    <ClCompile Include="Boom.cpp">
      <Filter>Source Files</Filter>
    </ClCompile>
    <ClCompile Include="LoadAll.cpp">
      <Filter>Resource Files\Non class</Filter>
    </ClCompile>
  </ItemGroup>
  <ItemGroup>
    <ClInclude Include="Ennemies.h">
      <Filter>Header Files\Ennemies</Filter>
    </ClInclude>
    <ClInclude Include="Ennemies_typeA.h">
      <Filter>Header Files\Ennemies</Filter>
    </ClInclude>
    <ClInclude Include="Ennemies_typeB.h">
      <Filter>Header Files\Ennemies</Filter>
    </ClInclude>
    <ClInclude Include="Ennemies_typeC.h">
      <Filter>Header Files\Ennemies</Filter>
    </ClInclude>
    <ClInclude Include="FindAngle.h">
      <Filter>Header Files\Non class</Filter>
    </ClInclude>
    <ClInclude Include="Declaration.h">
      <Filter>Header Files\Non class</Filter>
    </ClInclude>
    <ClInclude Include="IncludeAll.h">
      <Filter>Header Files\Non class</Filter>
    </ClInclude>
    <ClInclude Include="SomeConst.h">
      <Filter>Header Files\Non class</Filter>
    </ClInclude>
    <ClInclude Include="Library.h">
      <Filter>Header Files\Non class</Filter>
    </ClInclude>
    <ClInclude Include="Bullet_Straight.h">
      <Filter>Header Files\Other class</Filter>
    </ClInclude>
    <ClInclude Include="Object.h">
      <Filter>Header Files\Other class</Filter>
    </ClInclude>
    <ClInclude Include="Player.h">
      <Filter>Header Files\Other class</Filter>
    </ClInclude>
    <ClInclude Include="LoadAll.h">
      <Filter>Header Files\Load all</Filter>
    </ClInclude>
    <ClInclude Include="Wave.h">
      <Filter>Header Files\Load all</Filter>
    </ClInclude>
    <ClInclude Include="Event.h">
      <Filter>Header Files\Load all</Filter>
    </ClInclude>
    <ClInclude Include="Ennemies_typeD.h">
      <Filter>Header Files\Ennemies</Filter>
    </ClInclude>
    <ClInclude Include="Ennemies_typeE.h">
      <Filter>Header Files\Ennemies</Filter>
    </ClInclude>
    <ClInclude Include="Item.h">
      <Filter>Header Files\Other class</Filter>
    </ClInclude>
    <ClInclude Include="Boss.h">
      <Filter>Header Files\Ennemies</Filter>
    </ClInclude>
    <ClInclude Include="Bullet_Round.h">
      <Filter>Header Files\Other class</Filter>
    </ClInclude>
    <ClInclude Include="Boom.h">
      <Filter>Header Files</Filter>
    </ClInclude>
  </ItemGroup>
</Project>